
Microsoft Visual Studio Solution File, Format Version 12.00
# Visual Studio 15
VisualStudioVersion = 15.0.27004.2006
MinimumVisualStudioVersion = 10.0.40219.1
Project("{FAE04EC0-301F-11D3-BF4B-00C04F79EFBC}") = "Aula02", "Aula02\Aula02.csproj", "{AECF1B1B-51AE-4958-A376-66EAEC68C1AF}"
EndProject
Global
	GlobalSection(SolutionConfigurationPlatforms) = preSolution
		Debug|Any CPU = Debug|Any CPU
		Release|Any CPU = Release|Any CPU
	EndGlobalSection
	GlobalSection(ProjectConfigurationPlatforms) = postSolution
		{AECF1B1B-51AE-4958-A376-66EAEC68C1AF}.Debug|Any CPU.ActiveCfg = Debug|Any CPU
		{AECF1B1B-51AE-4958-A376-66EAEC68C1AF}.Debug|Any CPU.Build.0 = Debug|Any CPU
		{AECF1B1B-51AE-4958-A376-66EAEC68C1AF}.Release|Any CPU.ActiveCfg = Release|Any CPU
		{AECF1B1B-51AE-4958-A376-66EAEC68C1AF}.Release|Any CPU.Build.0 = Release|Any CPU
	EndGlobalSection
	GlobalSection(SolutionProperties) = preSolution
		HideSolutionNode = FALSE
	EndGlobalSection
	GlobalSection(ExtensibilityGlobals) = postSolution
		SolutionGuid = {0C9C54AB-74DC-4073-B4CE-7EEAC2295022}
	EndGlobalSection
EndGlobal
